
Microsoft Visual Studio Solution File, Format Version 12.00
# Visual Studio Version 17
VisualStudioVersion = 17.10.35027.167
MinimumVisualStudioVersion = 10.0.40219.1
Project("{FAE04EC0-301F-11D3-BF4B-00C04F79EFBC}") = "17.S7_Monitor", "17.S7_Monitor\17.S7_Monitor.csproj", "{FF6A350C-6B32-4B98-B4AE-14F814BAC263}"
EndProject
Project("{FAE04EC0-301F-11D3-BF4B-00C04F79EFBC}") = "TestReadDataBlock", "TestReadDataBlock\TestReadDataBlock.csproj", "{1C39A29D-F22D-4C48-8656-84D782EEE795}"
EndProject
Project("{FAE04EC0-301F-11D3-BF4B-00C04F79EFBC}") = "TestSQLite", "TestSQLite\TestSQLite.csproj", "{19D28D6C-B576-4C21-A198-04C8E45410E2}"
EndProject
Project("{FAE04EC0-301F-11D3-BF4B-00C04F79EFBC}") = "TestMySQL", "TestMySQL\TestMySQL.csproj", "{77E8FF47-9988-4F41-BA09-4AF4E02D4E57}"
EndProject
Global
	GlobalSection(SolutionConfigurationPlatforms) = preSolution
		Debug|Any CPU = Debug|Any CPU
		Release|Any CPU = Release|Any CPU
	EndGlobalSection
	GlobalSection(ProjectConfigurationPlatforms) = postSolution
		{FF6A350C-6B32-4B98-B4AE-14F814BAC263}.Debug|Any CPU.ActiveCfg = Debug|Any CPU
		{FF6A350C-6B32-4B98-B4AE-14F814BAC263}.Debug|Any CPU.Build.0 = Debug|Any CPU
		{FF6A350C-6B32-4B98-B4AE-14F814BAC263}.Release|Any CPU.ActiveCfg = Release|Any CPU
		{FF6A350C-6B32-4B98-B4AE-14F814BAC263}.Release|Any CPU.Build.0 = Release|Any CPU
		{1C39A29D-F22D-4C48-8656-84D782EEE795}.Debug|Any CPU.ActiveCfg = Debug|Any CPU
		{1C39A29D-F22D-4C48-8656-84D782EEE795}.Debug|Any CPU.Build.0 = Debug|Any CPU
		{1C39A29D-F22D-4C48-8656-84D782EEE795}.Release|Any CPU.ActiveCfg = Release|Any CPU
		{1C39A29D-F22D-4C48-8656-84D782EEE795}.Release|Any CPU.Build.0 = Release|Any CPU
		{19D28D6C-B576-4C21-A198-04C8E45410E2}.Debug|Any CPU.ActiveCfg = Debug|Any CPU
		{19D28D6C-B576-4C21-A198-04C8E45410E2}.Debug|Any CPU.Build.0 = Debug|Any CPU
		{19D28D6C-B576-4C21-A198-04C8E45410E2}.Release|Any CPU.ActiveCfg = Release|Any CPU
		{19D28D6C-B576-4C21-A198-04C8E45410E2}.Release|Any CPU.Build.0 = Release|Any CPU
		{77E8FF47-9988-4F41-BA09-4AF4E02D4E57}.Debug|Any CPU.ActiveCfg = Debug|Any CPU
		{77E8FF47-9988-4F41-BA09-4AF4E02D4E57}.Debug|Any CPU.Build.0 = Debug|Any CPU
		{77E8FF47-9988-4F41-BA09-4AF4E02D4E57}.Release|Any CPU.ActiveCfg = Release|Any CPU
		{77E8FF47-9988-4F41-BA09-4AF4E02D4E57}.Release|Any CPU.Build.0 = Release|Any CPU
	EndGlobalSection
	GlobalSection(SolutionProperties) = preSolution
		HideSolutionNode = FALSE
	EndGlobalSection
	GlobalSection(ExtensibilityGlobals) = postSolution
		SolutionGuid = {940B2FCF-0D4D-49E7-8D4C-7194EC1AA260}
	EndGlobalSection
EndGlobal
